
Microsoft Visual Studio Solution File, Format Version 12.00
# Visual Studio Version 17
VisualStudioVersion = 17.5.33530.505
MinimumVisualStudioVersion = 10.0.40219.1
Project("{FAE04EC0-301F-11D3-BF4B-00C04F79EFBC}") = "TelegramManagerAPI", "TelegramManagerAPI.csproj", "{D0DD6785-ABBD-4F23-BDA7-024E191EAC24}"
EndProject
Global
	GlobalSection(SolutionConfigurationPlatforms) = preSolution
		Debug|Any CPU = Debug|Any CPU
		Release|Any CPU = Release|Any CPU
	EndGlobalSection
	GlobalSection(ProjectConfigurationPlatforms) = postSolution
		{D0DD6785-ABBD-4F23-BDA7-024E191EAC24}.Debug|Any CPU.ActiveCfg = Debug|Any CPU
		{D0DD6785-ABBD-4F23-BDA7-024E191EAC24}.Debug|Any CPU.Build.0 = Debug|Any CPU
		{D0DD6785-ABBD-4F23-BDA7-024E191EAC24}.Release|Any CPU.ActiveCfg = Release|Any CPU
		{D0DD6785-ABBD-4F23-BDA7-024E191EAC24}.Release|Any CPU.Build.0 = Release|Any CPU
	EndGlobalSection
	GlobalSection(SolutionProperties) = preSolution
		HideSolutionNode = FALSE
	EndGlobalSection
	GlobalSection(ExtensibilityGlobals) = postSolution
		SolutionGuid = {52B0750A-948C-4328-AE94-1F7703B9104C}
	EndGlobalSection
EndGlobal
