
Microsoft Visual Studio Solution File, Format Version 12.00
# Visual Studio Version 17
VisualStudioVersion = 17.5.33530.505
MinimumVisualStudioVersion = 10.0.40219.1
Project("{FAE04EC0-301F-11D3-BF4B-00C04F79EFBC}") = "TelegramManagerAPI", "TelegramManagerAPI.csproj", "{7991C8EA-3F6F-4C1F-863E-E13351CBEAAD}"
EndProject
Global
	GlobalSection(SolutionConfigurationPlatforms) = preSolution
		Debug|Any CPU = Debug|Any CPU
		Release|Any CPU = Release|Any CPU
	EndGlobalSection
	GlobalSection(ProjectConfigurationPlatforms) = postSolution
		{7991C8EA-3F6F-4C1F-863E-E13351CBEAAD}.Debug|Any CPU.ActiveCfg = Debug|Any CPU
		{7991C8EA-3F6F-4C1F-863E-E13351CBEAAD}.Debug|Any CPU.Build.0 = Debug|Any CPU
		{7991C8EA-3F6F-4C1F-863E-E13351CBEAAD}.Release|Any CPU.ActiveCfg = Release|Any CPU
		{7991C8EA-3F6F-4C1F-863E-E13351CBEAAD}.Release|Any CPU.Build.0 = Release|Any CPU
	EndGlobalSection
	GlobalSection(SolutionProperties) = preSolution
		HideSolutionNode = FALSE
	EndGlobalSection
	GlobalSection(ExtensibilityGlobals) = postSolution
		SolutionGuid = {45E3F8B2-1CE1-4D98-8CC6-09695DFA8FF2}
	EndGlobalSection
EndGlobal
